
Microsoft Visual Studio Solution File, Format Version 12.00
# Visual Studio Version 17
VisualStudioVersion = 17.6.33513.286
MinimumVisualStudioVersion = 10.0.40219.1
Project("{FAE04EC0-301F-11D3-BF4B-00C04F79EFBC}") = "Entity", "Entity\Entity.csproj", "{BEC4D3C7-0737-4803-8F29-2005EC8AE829}"
EndProject
Project("{FAE04EC0-301F-11D3-BF4B-00C04F79EFBC}") = "Business", "Business\Business.csproj", "{4B82D448-13F4-4CD1-87C7-B65CAA06AE2A}"
EndProject
Project("{FAE04EC0-301F-11D3-BF4B-00C04F79EFBC}") = "DataAccess", "DataAccess\DataAccess.csproj", "{6EFD73D0-9AA6-438A-8465-6438AA33CECC}"
EndProject
Project("{FAE04EC0-301F-11D3-BF4B-00C04F79EFBC}") = "Core", "Core\Core.csproj", "{D2E623C4-EE08-4A2B-BF50-E19A7C77DC3B}"
EndProject
Project("{FAE04EC0-301F-11D3-BF4B-00C04F79EFBC}") = "CoreDemo.UI", "CoreDemo.UI\CoreDemo.UI.csproj", "{BE4DA8AF-5187-4A74-8B42-F9BF0C414F98}"
EndProject
Global
	GlobalSection(SolutionConfigurationPlatforms) = preSolution
		Debug|Any CPU = Debug|Any CPU
		Release|Any CPU = Release|Any CPU
	EndGlobalSection
	GlobalSection(ProjectConfigurationPlatforms) = postSolution
		{BEC4D3C7-0737-4803-8F29-2005EC8AE829}.Debug|Any CPU.ActiveCfg = Debug|Any CPU
		{BEC4D3C7-0737-4803-8F29-2005EC8AE829}.Debug|Any CPU.Build.0 = Debug|Any CPU
		{BEC4D3C7-0737-4803-8F29-2005EC8AE829}.Release|Any CPU.ActiveCfg = Release|Any CPU
		{BEC4D3C7-0737-4803-8F29-2005EC8AE829}.Release|Any CPU.Build.0 = Release|Any CPU
		{4B82D448-13F4-4CD1-87C7-B65CAA06AE2A}.Debug|Any CPU.ActiveCfg = Debug|Any CPU
		{4B82D448-13F4-4CD1-87C7-B65CAA06AE2A}.Debug|Any CPU.Build.0 = Debug|Any CPU
		{4B82D448-13F4-4CD1-87C7-B65CAA06AE2A}.Release|Any CPU.ActiveCfg = Release|Any CPU
		{4B82D448-13F4-4CD1-87C7-B65CAA06AE2A}.Release|Any CPU.Build.0 = Release|Any CPU
		{6EFD73D0-9AA6-438A-8465-6438AA33CECC}.Debug|Any CPU.ActiveCfg = Debug|Any CPU
		{6EFD73D0-9AA6-438A-8465-6438AA33CECC}.Debug|Any CPU.Build.0 = Debug|Any CPU
		{6EFD73D0-9AA6-438A-8465-6438AA33CECC}.Release|Any CPU.ActiveCfg = Release|Any CPU
		{6EFD73D0-9AA6-438A-8465-6438AA33CECC}.Release|Any CPU.Build.0 = Release|Any CPU
		{D2E623C4-EE08-4A2B-BF50-E19A7C77DC3B}.Debug|Any CPU.ActiveCfg = Debug|Any CPU
		{D2E623C4-EE08-4A2B-BF50-E19A7C77DC3B}.Debug|Any CPU.Build.0 = Debug|Any CPU
		{D2E623C4-EE08-4A2B-BF50-E19A7C77DC3B}.Release|Any CPU.ActiveCfg = Release|Any CPU
		{D2E623C4-EE08-4A2B-BF50-E19A7C77DC3B}.Release|Any CPU.Build.0 = Release|Any CPU
		{BE4DA8AF-5187-4A74-8B42-F9BF0C414F98}.Debug|Any CPU.ActiveCfg = Debug|Any CPU
		{BE4DA8AF-5187-4A74-8B42-F9BF0C414F98}.Debug|Any CPU.Build.0 = Debug|Any CPU
		{BE4DA8AF-5187-4A74-8B42-F9BF0C414F98}.Release|Any CPU.ActiveCfg = Release|Any CPU
		{BE4DA8AF-5187-4A74-8B42-F9BF0C414F98}.Release|Any CPU.Build.0 = Release|Any CPU
	EndGlobalSection
	GlobalSection(SolutionProperties) = preSolution
		HideSolutionNode = FALSE
	EndGlobalSection
	GlobalSection(ExtensibilityGlobals) = postSolution
		SolutionGuid = {750DC98D-A349-4CB7-A579-1FF6CACC7657}
	EndGlobalSection
EndGlobal
